// !$*UTF8*$!
{
	archiveVersion = 1;
	classes = {
	};
	objectVersion = 46;
	objects = {

/* Begin PBXBuildFile section */
		8E003CEE1C720C3B00B40582 /* AppDelegate.swift in Sources */ = {isa = PBXBuildFile; fileRef = 8E003CED1C720C3B00B40582 /* AppDelegate.swift */; };
		8E003CF01C720C3B00B40582 /* ViewController.swift in Sources */ = {isa = PBXBuildFile; fileRef = 8E003CEF1C720C3B00B40582 /* ViewController.swift */; };
		8E003CF31C720C3B00B40582 /* Main.storyboard in Resources */ = {isa = PBXBuildFile; fileRef = 8E003CF11C720C3B00B40582 /* Main.storyboard */; };
		8E003CF51C720C3B00B40582 /* Assets.xcassets in Resources */ = {isa = PBXBuildFile; fileRef = 8E003CF41C720C3B00B40582 /* Assets.xcassets */; };
		8E003CF81C720C3B00B40582 /* LaunchScreen.storyboard in Resources */ = {isa = PBXBuildFile; fileRef = 8E003CF61C720C3B00B40582 /* LaunchScreen.storyboard */; };
		8E003D001C720DE600B40582 /* NHDate_Categroy.swift in Sources */ = {isa = PBXBuildFile; fileRef = 8E003CFF1C720DE600B40582 /* NHDate_Categroy.swift */; };
		8E003D021C721C2900B40582 /* NHCalendarView.swift in Sources */ = {isa = PBXBuildFile; fileRef = 8E003D011C721C2900B40582 /* NHCalendarView.swift */; };
		8E003D041C72ECDE00B40582 /* NHCalendarTopView.swift in Sources */ = {isa = PBXBuildFile; fileRef = 8E003D031C72ECDE00B40582 /* NHCalendarTopView.swift */; };
		8E003D061C72ECF500B40582 /* NHCalendarContentView.swift in Sources */ = {isa = PBXBuildFile; fileRef = 8E003D051C72ECF500B40582 /* NHCalendarContentView.swift */; };
		8E003D081C72EDF800B40582 /* NHFont_Categroy.swift in Sources */ = {isa = PBXBuildFile; fileRef = 8E003D071C72EDF800B40582 /* NHFont_Categroy.swift */; };
		8E003D0B1C72FD7C00B40582 /* NHCalendarCell.swift in Sources */ = {isa = PBXBuildFile; fileRef = 8E003D091C72FD7C00B40582 /* NHCalendarCell.swift */; };
		8E003D0C1C72FD7C00B40582 /* NHCalendarCell.xib in Resources */ = {isa = PBXBuildFile; fileRef = 8E003D0A1C72FD7C00B40582 /* NHCalendarCell.xib */; };
		8E62D9391C73233D001E0BF7 /* NHCalendarItemCell.swift in Sources */ = {isa = PBXBuildFile; fileRef = 8E62D9371C73233D001E0BF7 /* NHCalendarItemCell.swift */; };
		8E62D93A1C73233D001E0BF7 /* NHCalendarItemCell.xib in Resources */ = {isa = PBXBuildFile; fileRef = 8E62D9381C73233D001E0BF7 /* NHCalendarItemCell.xib */; };
		8E62D93C1C73297F001E0BF7 /* NHDateTool.swift in Sources */ = {isa = PBXBuildFile; fileRef = 8E62D93B1C73297F001E0BF7 /* NHDateTool.swift */; };
/* End PBXBuildFile section */

/* Begin PBXFileReference section */
		8E003CEA1C720C3B00B40582 /* NHCalendar.app */ = {isa = PBXFileReference; explicitFileType = wrapper.application; includeInIndex = 0; path = NHCalendar.app; sourceTree = BUILT_PRODUCTS_DIR; };
		8E003CED1C720C3B00B40582 /* AppDelegate.swift */ = {isa = PBXFileReference; lastKnownFileType = sourcecode.swift; path = AppDelegate.swift; sourceTree = "<group>"; };
		8E003CEF1C720C3B00B40582 /* ViewController.swift */ = {isa = PBXFileReference; lastKnownFileType = sourcecode.swift; path = ViewController.swift; sourceTree = "<group>"; };
		8E003CF21C720C3B00B40582 /* Base */ = {isa = PBXFileReference; lastKnownFileType = file.storyboard; name = Base; path = Base.lproj/Main.storyboard; sourceTree = "<group>"; };
		8E003CF41C720C3B00B40582 /* Assets.xcassets */ = {isa = PBXFileReference; lastKnownFileType = folder.assetcatalog; path = Assets.xcassets; sourceTree = "<group>"; };
		8E003CF71C720C3B00B40582 /* Base */ = {isa = PBXFileReference; lastKnownFileType = file.storyboard; name = Base; path = Base.lproj/LaunchScreen.storyboard; sourceTree = "<group>"; };
		8E003CF91C720C3B00B40582 /* Info.plist */ = {isa = PBXFileReference; lastKnownFileType = text.plist.xml; path = Info.plist; sourceTree = "<group>"; };
		8E003CFF1C720DE600B40582 /* NHDate_Categroy.swift */ = {isa = PBXFileReference; fileEncoding = 4; lastKnownFileType = sourcecode.swift; path = NHDate_Categroy.swift; sourceTree = "<group>"; };
		8E003D011C721C2900B40582 /* NHCalendarView.swift */ = {isa = PBXFileReference; fileEncoding = 4; lastKnownFileType = sourcecode.swift; path = NHCalendarView.swift; sourceTree = "<group>"; };
		8E003D031C72ECDE00B40582 /* NHCalendarTopView.swift */ = {isa = PBXFileReference; fileEncoding = 4; lastKnownFileType = sourcecode.swift; path = NHCalendarTopView.swift; sourceTree = "<group>"; };
		8E003D051C72ECF500B40582 /* NHCalendarContentView.swift */ = {isa = PBXFileReference; fileEncoding = 4; lastKnownFileType = sourcecode.swift; path = NHCalendarContentView.swift; sourceTree = "<group>"; };
		8E003D071C72EDF800B40582 /* NHFont_Categroy.swift */ = {isa = PBXFileReference; fileEncoding = 4; lastKnownFileType = sourcecode.swift; path = NHFont_Categroy.swift; sourceTree = "<group>"; };
		8E003D091C72FD7C00B40582 /* NHCalendarCell.swift */ = {isa = PBXFileReference; fileEncoding = 4; lastKnownFileType = sourcecode.swift; path = NHCalendarCell.swift; sourceTree = "<group>"; };
		8E003D0A1C72FD7C00B40582 /* NHCalendarCell.xib */ = {isa = PBXFileReference; fileEncoding = 4; lastKnownFileType = file.xib; path = NHCalendarCell.xib; sourceTree = "<group>"; };
		8E62D9371C73233D001E0BF7 /* NHCalendarItemCell.swift */ = {isa = PBXFileReference; fileEncoding = 4; lastKnownFileType = sourcecode.swift; path = NHCalendarItemCell.swift; sourceTree = "<group>"; };
		8E62D9381C73233D001E0BF7 /* NHCalendarItemCell.xib */ = {isa = PBXFileReference; fileEncoding = 4; lastKnownFileType = file.xib; path = NHCalendarItemCell.xib; sourceTree = "<group>"; };
		8E62D93B1C73297F001E0BF7 /* NHDateTool.swift */ = {isa = PBXFileReference; fileEncoding = 4; lastKnownFileType = sourcecode.swift; path = NHDateTool.swift; sourceTree = "<group>"; };
/* End PBXFileReference section */

/* Begin PBXFrameworksBuildPhase section */
		8E003CE71C720C3B00B40582 /* Frameworks */ = {
			isa = PBXFrameworksBuildPhase;
			buildActionMask = 2147483647;
			files = (
			);
			runOnlyForDeploymentPostprocessing = 0;
		};
/* End PBXFrameworksBuildPhase section */

/* Begin PBXGroup section */
		8E003CE11C720C3B00B40582 = {
			isa = PBXGroup;
			children = (
				8E003CEC1C720C3B00B40582 /* NHCalendar */,
				8E003CEB1C720C3B00B40582 /* Products */,
			);
			sourceTree = "<group>";
		};
		8E003CEB1C720C3B00B40582 /* Products */ = {
			isa = PBXGroup;
			children = (
				8E003CEA1C720C3B00B40582 /* NHCalendar.app */,
			);
			name = Products;
			sourceTree = "<group>";
		};
		8E003CEC1C720C3B00B40582 /* NHCalendar */ = {
			isa = PBXGroup;
			children = (
				8E003CED1C720C3B00B40582 /* AppDelegate.swift */,
				8E003CEF1C720C3B00B40582 /* ViewController.swift */,
				8E003CFF1C720DE600B40582 /* NHDate_Categroy.swift */,
				8E62D93B1C73297F001E0BF7 /* NHDateTool.swift */,
				8E003D071C72EDF800B40582 /* NHFont_Categroy.swift */,
				8E003D011C721C2900B40582 /* NHCalendarView.swift */,
				8E003D031C72ECDE00B40582 /* NHCalendarTopView.swift */,
				8E003D051C72ECF500B40582 /* NHCalendarContentView.swift */,
				8E003D091C72FD7C00B40582 /* NHCalendarCell.swift */,
				8E003D0A1C72FD7C00B40582 /* NHCalendarCell.xib */,
				8E62D9371C73233D001E0BF7 /* NHCalendarItemCell.swift */,
				8E62D9381C73233D001E0BF7 /* NHCalendarItemCell.xib */,
				8E003CF11C720C3B00B40582 /* Main.storyboard */,
				8E003CF41C720C3B00B40582 /* Assets.xcassets */,
				8E003CF61C720C3B00B40582 /* LaunchScreen.storyboard */,
				8E003CF91C720C3B00B40582 /* Info.plist */,
			);
			path = NHCalendar;
			sourceTree = "<group>";
		};
/* End PBXGroup section */

/* Begin PBXNativeTarget section */
		8E003CE91C720C3B00B40582 /* NHCalendar */ = {
			isa = PBXNativeTarget;
			buildConfigurationList = 8E003CFC1C720C3B00B40582 /* Build configuration list for PBXNativeTarget "NHCalendar" */;
			buildPhases = (
				8E003CE61C720C3B00B40582 /* Sources */,
				8E003CE71C720C3B00B40582 /* Frameworks */,
				8E003CE81C720C3B00B40582 /* Resources */,
			);
			buildRules = (
			);
			dependencies = (
			);
			name = NHCalendar;
			productName = NHCalendar;
			productReference = 8E003CEA1C720C3B00B40582 /* NHCalendar.app */;
			productType = "com.apple.product-type.application";
		};
/* End PBXNativeTarget section */

/* Begin PBXProject section */
		8E003CE21C720C3B00B40582 /* Project object */ = {
			isa = PBXProject;
			attributes = {
				LastSwiftUpdateCheck = 0720;
				LastUpgradeCheck = 0720;
				ORGANIZATIONNAME = Niu;
				TargetAttributes = {
					8E003CE91C720C3B00B40582 = {
						CreatedOnToolsVersion = 7.2;
					};
				};
			};
			buildConfigurationList = 8E003CE51C720C3B00B40582 /* Build configuration list for PBXProject "NHCalendar" */;
			compatibilityVersion = "Xcode 3.2";
			developmentRegion = English;
			hasScannedForEncodings = 0;
			knownRegions = (
				en,
				Base,
			);
			mainGroup = 8E003CE11C720C3B00B40582;
			productRefGroup = 8E003CEB1C720C3B00B40582 /* Products */;
			projectDirPath = "";
			projectRoot = "";
			targets = (
				8E003CE91C720C3B00B40582 /* NHCalendar */,
			);
		};
/* End PBXProject section */

/* Begin PBXResourcesBuildPhase section */
		8E003CE81C720C3B00B40582 /* Resources */ = {
			isa = PBXResourcesBuildPhase;
			buildActionMask = 2147483647;
			files = (
				8E003CF81C720C3B00B40582 /* LaunchScreen.storyboard in Resources */,
				8E003CF51C720C3B00B40582 /* Assets.xcassets in Resources */,
				8E003CF31C720C3B00B40582 /* Main.storyboard in Resources */,
				8E003D0C1C72FD7C00B40582 /* NHCalendarCell.xib in Resources */,
				8E62D93A1C73233D001E0BF7 /* NHCalendarItemCell.xib in Resources */,
			);
			runOnlyForDeploymentPostprocessing = 0;
		};
/* End PBXResourcesBuildPhase section */

/* Begin PBXSourcesBuildPhase section */
		8E003CE61C720C3B00B40582 /* Sources */ = {
			isa = PBXSourcesBuildPhase;
			buildActionMask = 2147483647;
			files = (
				8E003D061C72ECF500B40582 /* NHCalendarContentView.swift in Sources */,
				8E62D93C1C73297F001E0BF7 /* NHDateTool.swift in Sources */,
				8E003CF01C720C3B00B40582 /* ViewController.swift in Sources */,
				8E003D081C72EDF800B40582 /* NHFont_Categroy.swift in Sources */,
				8E003CEE1C720C3B00B40582 /* AppDelegate.swift in Sources */,
				8E003D021C721C2900B40582 /* NHCalendarView.swift in Sources */,
				8E003D001C720DE600B40582 /* NHDate_Categroy.swift in Sources */,
				8E003D041C72ECDE00B40582 /* NHCalendarTopView.swift in Sources */,
				8E003D0B1C72FD7C00B40582 /* NHCalendarCell.swift in Sources */,
				8E62D9391C73233D001E0BF7 /* NHCalendarItemCell.swift in Sources */,
			);
			runOnlyForDeploymentPostprocessing = 0;
		};
/* End PBXSourcesBuildPhase section */

/* Begin PBXVariantGroup section */
		8E003CF11C720C3B00B40582 /* Main.storyboard */ = {
			isa = PBXVariantGroup;
			children = (
				8E003CF21C720C3B00B40582 /* Base */,
			);
			name = Main.storyboard;
			sourceTree = "<group>";
		};
		8E003CF61C720C3B00B40582 /* LaunchScreen.storyboard */ = {
			isa = PBXVariantGroup;
			children = (
				8E003CF71C720C3B00B40582 /* Base */,
			);
			name = LaunchScreen.storyboard;
			sourceTree = "<group>";
		};
/* End PBXVariantGroup section */

/* Begin XCBuildConfiguration section */
		8E003CFA1C720C3B00B40582 /* Debug */ = {
			isa = XCBuildConfiguration;
			buildSettings = {
				ALWAYS_SEARCH_USER_PATHS = NO;
				CLANG_CXX_LANGUAGE_STANDARD = "gnu++0x";
				CLANG_CXX_LIBRARY = "libc++";
				CLANG_ENABLE_MODULES = YES;
				CLANG_ENABLE_OBJC_ARC = YES;
				CLANG_WARN_BOOL_CONVERSION = YES;
				CLANG_WARN_CONSTANT_CONVERSION = YES;
				CLANG_WARN_DIRECT_OBJC_ISA_USAGE = YES_ERROR;
				CLANG_WARN_EMPTY_BODY = YES;
				CLANG_WARN_ENUM_CONVERSION = YES;
				CLANG_WARN_INT_CONVERSION = YES;
				CLANG_WARN_OBJC_ROOT_CLASS = YES_ERROR;
				CLANG_WARN_UNREACHABLE_CODE = YES;
				CLANG_WARN__DUPLICATE_METHOD_MATCH = YES;
				"CODE_SIGN_IDENTITY[sdk=iphoneos*]" = "iPhone Developer";
				COPY_PHASE_STRIP = NO;
				DEBUG_INFORMATION_FORMAT = dwarf;
				ENABLE_STRICT_OBJC_MSGSEND = YES;
				ENABLE_TESTABILITY = YES;
				GCC_C_LANGUAGE_STANDARD = gnu99;
				GCC_DYNAMIC_NO_PIC = NO;
				GCC_NO_COMMON_BLOCKS = YES;
				GCC_OPTIMIZATION_LEVEL = 0;
				GCC_PREPROCESSOR_DEFINITIONS = (
					"DEBUG=1",
					"$(inherited)",
				);
				GCC_WARN_64_TO_32_BIT_CONVERSION = YES;
				GCC_WARN_ABOUT_RETURN_TYPE = YES_ERROR;
				GCC_WARN_UNDECLARED_SELECTOR = YES;
				GCC_WARN_UNINITIALIZED_AUTOS = YES_AGGRESSIVE;
				GCC_WARN_UNUSED_FUNCTION = YES;
				GCC_WARN_UNUSED_VARIABLE = YES;
				IPHONEOS_DEPLOYMENT_TARGET = 9.2;
				MTL_ENABLE_DEBUG_INFO = YES;
				ONLY_ACTIVE_ARCH = YES;
				SDKROOT = iphoneos;
				SWIFT_OPTIMIZATION_LEVEL = "-Onone";
			};
			name = Debug;
		};
		8E003CFB1C720C3B00B40582 /* Release */ = {
			isa = XCBuildConfiguration;
			buildSettings = {
				ALWAYS_SEARCH_USER_PATHS = NO;
				CLANG_CXX_LANGUAGE_STANDARD = "gnu++0x";
				CLANG_CXX_LIBRARY = "libc++";
				CLANG_ENABLE_MODULES = YES;
				CLANG_ENABLE_OBJC_ARC = YES;
				CLANG_WARN_BOOL_CONVERSION = YES;
				CLANG_WARN_CONSTANT_CONVERSION = YES;
				CLANG_WARN_DIRECT_OBJC_ISA_USAGE = YES_ERROR;
				CLANG_WARN_EMPTY_BODY = YES;
				CLANG_WARN_ENUM_CONVERSION = YES;
				CLANG_WARN_INT_CONVERSION = YES;
				CLANG_WARN_OBJC_ROOT_CLASS = YES_ERROR;
				CLANG_WARN_UNREACHABLE_CODE = YES;
				CLANG_WARN__DUPLICATE_METHOD_MATCH = YES;
				"CODE_SIGN_IDENTITY[sdk=iphoneos*]" = "iPhone Developer";
				COPY_PHASE_STRIP = NO;
				DEBUG_INFORMATION_FORMAT = "dwarf-with-dsym";
				ENABLE_NS_ASSERTIONS = NO;
				ENABLE_STRICT_OBJC_MSGSEND = YES;
				GCC_C_LANGUAGE_STANDARD = gnu99;
				GCC_NO_COMMON_BLOCKS = YES;
				GCC_WARN_64_TO_32_BIT_CONVERSION = YES;
				GCC_WARN_ABOUT_RETURN_TYPE = YES_ERROR;
				GCC_WARN_UNDECLARED_SELECTOR = YES;
				GCC_WARN_UNINITIALIZED_AUTOS = YES_AGGRESSIVE;
				GCC_WARN_UNUSED_FUNCTION = YES;
				GCC_WARN_UNUSED_VARIABLE = YES;
				IPHONEOS_DEPLOYMENT_TARGET = 9.2;
				MTL_ENABLE_DEBUG_INFO = NO;
				SDKROOT = iphoneos;
				VALIDATE_PRODUCT = YES;
			};
			name = Release;
		};
		8E003CFD1C720C3B00B40582 /* Debug */ = {
			isa = XCBuildConfiguration;
			buildSettings = {
				ASSETCATALOG_COMPILER_APPICON_NAME = AppIcon;
				INFOPLIST_FILE = NHCalendar/Info.plist;
				LD_RUNPATH_SEARCH_PATHS = "$(inherited) @executable_path/Frameworks";
				PRODUCT_BUNDLE_IDENTIFIER = Hui.NHCalendar;
				PRODUCT_NAME = "$(TARGET_NAME)";
			};
			name = Debug;
		};
		8E003CFE1C720C3B00B40582 /* Release */ = {
			isa = XCBuildConfiguration;
			buildSettings = {
				ASSETCATALOG_COMPILER_APPICON_NAME = AppIcon;
				INFOPLIST_FILE = NHCalendar/Info.plist;
				LD_RUNPATH_SEARCH_PATHS = "$(inherited) @executable_path/Frameworks";
				PRODUCT_BUNDLE_IDENTIFIER = Hui.NHCalendar;
				PRODUCT_NAME = "$(TARGET_NAME)";
			};
			name = Release;
		};
/* End XCBuildConfiguration section */

/* Begin XCConfigurationList section */
		8E003CE51C720C3B00B40582 /* Build configuration list for PBXProject "NHCalendar" */ = {
			isa = XCConfigurationList;
			buildConfigurations = (
				8E003CFA1C720C3B00B40582 /* Debug */,
				8E003CFB1C720C3B00B40582 /* Release */,
			);
			defaultConfigurationIsVisible = 0;
			defaultConfigurationName = Release;
		};
		8E003CFC1C720C3B00B40582 /* Build configuration list for PBXNativeTarget "NHCalendar" */ = {
			isa = XCConfigurationList;
			buildConfigurations = (
				8E003CFD1C720C3B00B40582 /* Debug */,
				8E003CFE1C720C3B00B40582 /* Release */,
			);
			defaultConfigurationIsVisible = 0;
			defaultConfigurationName = Release;
		};
/* End XCConfigurationList section */
	};
	rootObject = 8E003CE21C720C3B00B40582 /* Project object */;
}
